
Microsoft Visual Studio Solution File, Format Version 12.00
# Visual Studio Version 17
VisualStudioVersion = 17.3.32929.385
MinimumVisualStudioVersion = 10.0.40219.1
Project("{8BC9CEB8-8B4A-11D0-8D11-00A0C91BC942}") = "SocialEngine", "SocialEngine.vcxproj", "{90A1BCEA-4E79-4225-A3B2-4A3B119B30AF}"
EndProject
Project("{8BC9CEB8-8B4A-11D0-8D11-00A0C91BC942}") = "SocialEngineTest", "..\SocialEngineTest\SocialEngineTest.vcxproj", "{DCF302F4-A601-44ED-B36B-71AF82693B95}"
EndProject
Project("{8BC9CEB8-8B4A-11D0-8D11-00A0C91BC942}") = "llama", "..\llamaCpp\build\visual-studio\llama.vcxproj", "{9E05A0BF-B2F0-3A57-A9EE-94C40263EBF3}"
EndProject
Project("{8BC9CEB8-8B4A-11D0-8D11-00A0C91BC942}") = "ggml", "..\llamaCpp\build\visual-studio\ggml.vcxproj", "{6387BC80-BAEF-3E4B-A7CA-EE19E161023D}"
EndProject
Global
	GlobalSection(SolutionConfigurationPlatforms) = preSolution
		Debug|x64 = Debug|x64
		Debug|x86 = Debug|x86
		MinSizeRel|x64 = MinSizeRel|x64
		MinSizeRel|x86 = MinSizeRel|x86
		Release|x64 = Release|x64
		Release|x86 = Release|x86
		RelWithDebInfo|x64 = RelWithDebInfo|x64
		RelWithDebInfo|x86 = RelWithDebInfo|x86
	EndGlobalSection
	GlobalSection(ProjectConfigurationPlatforms) = postSolution
		{90A1BCEA-4E79-4225-A3B2-4A3B119B30AF}.Debug|x64.ActiveCfg = Debug|x64
		{90A1BCEA-4E79-4225-A3B2-4A3B119B30AF}.Debug|x64.Build.0 = Debug|x64
		{90A1BCEA-4E79-4225-A3B2-4A3B119B30AF}.Debug|x86.ActiveCfg = Debug|Win32
		{90A1BCEA-4E79-4225-A3B2-4A3B119B30AF}.Debug|x86.Build.0 = Debug|Win32
		{90A1BCEA-4E79-4225-A3B2-4A3B119B30AF}.MinSizeRel|x64.ActiveCfg = Release|x64
		{90A1BCEA-4E79-4225-A3B2-4A3B119B30AF}.MinSizeRel|x64.Build.0 = Release|x64
		{90A1BCEA-4E79-4225-A3B2-4A3B119B30AF}.MinSizeRel|x86.ActiveCfg = Release|Win32
		{90A1BCEA-4E79-4225-A3B2-4A3B119B30AF}.MinSizeRel|x86.Build.0 = Release|Win32
		{90A1BCEA-4E79-4225-A3B2-4A3B119B30AF}.Release|x64.ActiveCfg = Release|x64
		{90A1BCEA-4E79-4225-A3B2-4A3B119B30AF}.Release|x64.Build.0 = Release|x64
		{90A1BCEA-4E79-4225-A3B2-4A3B119B30AF}.Release|x86.ActiveCfg = Release|Win32
		{90A1BCEA-4E79-4225-A3B2-4A3B119B30AF}.Release|x86.Build.0 = Release|Win32
		{90A1BCEA-4E79-4225-A3B2-4A3B119B30AF}.RelWithDebInfo|x64.ActiveCfg = Release|x64
		{90A1BCEA-4E79-4225-A3B2-4A3B119B30AF}.RelWithDebInfo|x64.Build.0 = Release|x64
		{90A1BCEA-4E79-4225-A3B2-4A3B119B30AF}.RelWithDebInfo|x86.ActiveCfg = Release|Win32
		{90A1BCEA-4E79-4225-A3B2-4A3B119B30AF}.RelWithDebInfo|x86.Build.0 = Release|Win32
		{DCF302F4-A601-44ED-B36B-71AF82693B95}.Debug|x64.ActiveCfg = Debug|x64
		{DCF302F4-A601-44ED-B36B-71AF82693B95}.Debug|x64.Build.0 = Debug|x64
		{DCF302F4-A601-44ED-B36B-71AF82693B95}.Debug|x86.ActiveCfg = Debug|Win32
		{DCF302F4-A601-44ED-B36B-71AF82693B95}.Debug|x86.Build.0 = Debug|Win32
		{DCF302F4-A601-44ED-B36B-71AF82693B95}.MinSizeRel|x64.ActiveCfg = Release|x64
		{DCF302F4-A601-44ED-B36B-71AF82693B95}.MinSizeRel|x64.Build.0 = Release|x64
		{DCF302F4-A601-44ED-B36B-71AF82693B95}.MinSizeRel|x86.ActiveCfg = Release|Win32
		{DCF302F4-A601-44ED-B36B-71AF82693B95}.MinSizeRel|x86.Build.0 = Release|Win32
		{DCF302F4-A601-44ED-B36B-71AF82693B95}.Release|x64.ActiveCfg = Release|x64
		{DCF302F4-A601-44ED-B36B-71AF82693B95}.Release|x64.Build.0 = Release|x64
		{DCF302F4-A601-44ED-B36B-71AF82693B95}.Release|x86.ActiveCfg = Release|Win32
		{DCF302F4-A601-44ED-B36B-71AF82693B95}.Release|x86.Build.0 = Release|Win32
		{DCF302F4-A601-44ED-B36B-71AF82693B95}.RelWithDebInfo|x64.ActiveCfg = Release|x64
		{DCF302F4-A601-44ED-B36B-71AF82693B95}.RelWithDebInfo|x64.Build.0 = Release|x64
		{DCF302F4-A601-44ED-B36B-71AF82693B95}.RelWithDebInfo|x86.ActiveCfg = Release|Win32
		{DCF302F4-A601-44ED-B36B-71AF82693B95}.RelWithDebInfo|x86.Build.0 = Release|Win32
		{9E05A0BF-B2F0-3A57-A9EE-94C40263EBF3}.Debug|x64.ActiveCfg = Debug|x64
		{9E05A0BF-B2F0-3A57-A9EE-94C40263EBF3}.Debug|x64.Build.0 = Debug|x64
		{9E05A0BF-B2F0-3A57-A9EE-94C40263EBF3}.Debug|x86.ActiveCfg = Debug|x64
		{9E05A0BF-B2F0-3A57-A9EE-94C40263EBF3}.Debug|x86.Build.0 = Debug|x64
		{9E05A0BF-B2F0-3A57-A9EE-94C40263EBF3}.MinSizeRel|x64.ActiveCfg = MinSizeRel|x64
		{9E05A0BF-B2F0-3A57-A9EE-94C40263EBF3}.MinSizeRel|x64.Build.0 = MinSizeRel|x64
		{9E05A0BF-B2F0-3A57-A9EE-94C40263EBF3}.MinSizeRel|x86.ActiveCfg = MinSizeRel|x64
		{9E05A0BF-B2F0-3A57-A9EE-94C40263EBF3}.MinSizeRel|x86.Build.0 = MinSizeRel|x64
		{9E05A0BF-B2F0-3A57-A9EE-94C40263EBF3}.Release|x64.ActiveCfg = Release|x64
		{9E05A0BF-B2F0-3A57-A9EE-94C40263EBF3}.Release|x64.Build.0 = Release|x64
		{9E05A0BF-B2F0-3A57-A9EE-94C40263EBF3}.Release|x86.ActiveCfg = Release|x64
		{9E05A0BF-B2F0-3A57-A9EE-94C40263EBF3}.Release|x86.Build.0 = Release|x64
		{9E05A0BF-B2F0-3A57-A9EE-94C40263EBF3}.RelWithDebInfo|x64.ActiveCfg = RelWithDebInfo|x64
		{9E05A0BF-B2F0-3A57-A9EE-94C40263EBF3}.RelWithDebInfo|x64.Build.0 = RelWithDebInfo|x64
		{9E05A0BF-B2F0-3A57-A9EE-94C40263EBF3}.RelWithDebInfo|x86.ActiveCfg = RelWithDebInfo|x64
		{9E05A0BF-B2F0-3A57-A9EE-94C40263EBF3}.RelWithDebInfo|x86.Build.0 = RelWithDebInfo|x64
		{6387BC80-BAEF-3E4B-A7CA-EE19E161023D}.Debug|x64.ActiveCfg = Debug|x64
		{6387BC80-BAEF-3E4B-A7CA-EE19E161023D}.Debug|x64.Build.0 = Debug|x64
		{6387BC80-BAEF-3E4B-A7CA-EE19E161023D}.Debug|x86.ActiveCfg = Debug|x64
		{6387BC80-BAEF-3E4B-A7CA-EE19E161023D}.Debug|x86.Build.0 = Debug|x64
		{6387BC80-BAEF-3E4B-A7CA-EE19E161023D}.MinSizeRel|x64.ActiveCfg = MinSizeRel|x64
		{6387BC80-BAEF-3E4B-A7CA-EE19E161023D}.MinSizeRel|x64.Build.0 = MinSizeRel|x64
		{6387BC80-BAEF-3E4B-A7CA-EE19E161023D}.MinSizeRel|x86.ActiveCfg = MinSizeRel|x64
		{6387BC80-BAEF-3E4B-A7CA-EE19E161023D}.MinSizeRel|x86.Build.0 = MinSizeRel|x64
		{6387BC80-BAEF-3E4B-A7CA-EE19E161023D}.Release|x64.ActiveCfg = Release|x64
		{6387BC80-BAEF-3E4B-A7CA-EE19E161023D}.Release|x64.Build.0 = Release|x64
		{6387BC80-BAEF-3E4B-A7CA-EE19E161023D}.Release|x86.ActiveCfg = Release|x64
		{6387BC80-BAEF-3E4B-A7CA-EE19E161023D}.Release|x86.Build.0 = Release|x64
		{6387BC80-BAEF-3E4B-A7CA-EE19E161023D}.RelWithDebInfo|x64.ActiveCfg = RelWithDebInfo|x64
		{6387BC80-BAEF-3E4B-A7CA-EE19E161023D}.RelWithDebInfo|x64.Build.0 = RelWithDebInfo|x64
		{6387BC80-BAEF-3E4B-A7CA-EE19E161023D}.RelWithDebInfo|x86.ActiveCfg = RelWithDebInfo|x64
		{6387BC80-BAEF-3E4B-A7CA-EE19E161023D}.RelWithDebInfo|x86.Build.0 = RelWithDebInfo|x64
	EndGlobalSection
	GlobalSection(SolutionProperties) = preSolution
		HideSolutionNode = FALSE
	EndGlobalSection
	GlobalSection(ExtensibilityGlobals) = postSolution
		SolutionGuid = {78C3EA2D-D538-44D7-93C9-A9FFC731A675}
	EndGlobalSection
EndGlobal
